{
  "originHash" : "5df1b2ca7dce448a59f16b67f130d06b5e4db09d3946a1d5f716979ad713f192",
  "pins" : [
    {
      "identity" : "cadova",
      "kind" : "remoteSourceControl",
      "location" : "https://github.com/tomasf/Cadova.git",
      "state" : {
        "revision" : "9d627c61e992d4e4dc3afd4ab7369065edf96872",
        "version" : "0.10.1"
      }
    },
    {
      "identity" : "helical",
      "kind" : "remoteSourceControl",
      "location" : "https://github.com/tomasf/Helical.git",
      "state" : {
        "revision" : "3c1b0fab766dd1af4f499582dd64923c28b93cff",
        "version" : "1.0.5"
      }
    }
  ],
  "version" : 3
}
