{
  "originHash" : "ee77bfb1589149ece528deace6315e40489c0ad0e1eeac986b8f0297918f8302",
  "pins" : [
    {
      "identity" : "cadova",
      "kind" : "remoteSourceControl",
      "location" : "https://github.com/tomasf/Cadova.git",
      "state" : {
        "revision" : "9d627c61e992d4e4dc3afd4ab7369065edf96872",
        "version" : "0.10.1"
      }
    }
  ],
  "version" : 3
}
